
Microsoft Visual Studio Solution File, Format Version 12.00
# Visual Studio Version 17
VisualStudioVersion = 17.5.33627.172
MinimumVisualStudioVersion = 10.0.40219.1
Project("{9A19103F-16F7-4668-BE54-9A1E7A4F7556}") = "Vmp.Web", "Vmp.Web\Vmp.Web.csproj", "{BED7C9EA-A9D0-4D31-8BCB-35E8768814C9}"
EndProject
Project("{9A19103F-16F7-4668-BE54-9A1E7A4F7556}") = "Vmp.Data", "Vmp.Data\Vmp.Data.csproj", "{3E9AC832-4042-4B96-9A21-9443489CB75B}"
EndProject
Project("{9A19103F-16F7-4668-BE54-9A1E7A4F7556}") = "Vmp.Common", "Vmp.Common\Vmp.Common.csproj", "{66CCA10D-CC6D-48EC-A7EB-7EC2D09361D1}"
EndProject
Project("{9A19103F-16F7-4668-BE54-9A1E7A4F7556}") = "Vmp.Services", "Vmp.Services\Vmp.Services.csproj", "{CFD8B443-22A0-441C-8602-BF46B01909AB}"
EndProject
Project("{9A19103F-16F7-4668-BE54-9A1E7A4F7556}") = "Vmp.Web.ViewModels", "Vmp.Web.ViewModels\Vmp.Web.ViewModels.csproj", "{ACE2527F-EC7A-40A4-BA7C-7E6E29AEC1A5}"
EndProject
Project("{2150E333-8FDC-42A3-9474-1A3956D46DE8}") = "web", "web", "{382D27BA-B50F-42AE-B536-61777007B642}"
EndProject
Project("{2150E333-8FDC-42A3-9474-1A3956D46DE8}") = "services", "services", "{54C22055-DDAC-4AB3-8F85-5EC97D17424E}"
EndProject
Project("{2150E333-8FDC-42A3-9474-1A3956D46DE8}") = "data", "data", "{9E155515-145B-4650-8AF6-E4AB9E94C890}"
EndProject
Project("{2150E333-8FDC-42A3-9474-1A3956D46DE8}") = "tests", "tests", "{CE8F6973-7267-4652-A992-26A33B951371}"
EndProject
Global
	GlobalSection(SolutionConfigurationPlatforms) = preSolution
		Debug|Any CPU = Debug|Any CPU
		Release|Any CPU = Release|Any CPU
	EndGlobalSection
	GlobalSection(ProjectConfigurationPlatforms) = postSolution
		{BED7C9EA-A9D0-4D31-8BCB-35E8768814C9}.Debug|Any CPU.ActiveCfg = Debug|Any CPU
		{BED7C9EA-A9D0-4D31-8BCB-35E8768814C9}.Debug|Any CPU.Build.0 = Debug|Any CPU
		{BED7C9EA-A9D0-4D31-8BCB-35E8768814C9}.Release|Any CPU.ActiveCfg = Release|Any CPU
		{BED7C9EA-A9D0-4D31-8BCB-35E8768814C9}.Release|Any CPU.Build.0 = Release|Any CPU
		{3E9AC832-4042-4B96-9A21-9443489CB75B}.Debug|Any CPU.ActiveCfg = Debug|Any CPU
		{3E9AC832-4042-4B96-9A21-9443489CB75B}.Debug|Any CPU.Build.0 = Debug|Any CPU
		{3E9AC832-4042-4B96-9A21-9443489CB75B}.Release|Any CPU.ActiveCfg = Release|Any CPU
		{3E9AC832-4042-4B96-9A21-9443489CB75B}.Release|Any CPU.Build.0 = Release|Any CPU
		{66CCA10D-CC6D-48EC-A7EB-7EC2D09361D1}.Debug|Any CPU.ActiveCfg = Debug|Any CPU
		{66CCA10D-CC6D-48EC-A7EB-7EC2D09361D1}.Debug|Any CPU.Build.0 = Debug|Any CPU
		{66CCA10D-CC6D-48EC-A7EB-7EC2D09361D1}.Release|Any CPU.ActiveCfg = Release|Any CPU
		{66CCA10D-CC6D-48EC-A7EB-7EC2D09361D1}.Release|Any CPU.Build.0 = Release|Any CPU
		{CFD8B443-22A0-441C-8602-BF46B01909AB}.Debug|Any CPU.ActiveCfg = Debug|Any CPU
		{CFD8B443-22A0-441C-8602-BF46B01909AB}.Debug|Any CPU.Build.0 = Debug|Any CPU
		{CFD8B443-22A0-441C-8602-BF46B01909AB}.Release|Any CPU.ActiveCfg = Release|Any CPU
		{CFD8B443-22A0-441C-8602-BF46B01909AB}.Release|Any CPU.Build.0 = Release|Any CPU
		{ACE2527F-EC7A-40A4-BA7C-7E6E29AEC1A5}.Debug|Any CPU.ActiveCfg = Debug|Any CPU
		{ACE2527F-EC7A-40A4-BA7C-7E6E29AEC1A5}.Debug|Any CPU.Build.0 = Debug|Any CPU
		{ACE2527F-EC7A-40A4-BA7C-7E6E29AEC1A5}.Release|Any CPU.ActiveCfg = Release|Any CPU
		{ACE2527F-EC7A-40A4-BA7C-7E6E29AEC1A5}.Release|Any CPU.Build.0 = Release|Any CPU
	EndGlobalSection
	GlobalSection(SolutionProperties) = preSolution
		HideSolutionNode = FALSE
	EndGlobalSection
	GlobalSection(NestedProjects) = preSolution
		{BED7C9EA-A9D0-4D31-8BCB-35E8768814C9} = {382D27BA-B50F-42AE-B536-61777007B642}
		{3E9AC832-4042-4B96-9A21-9443489CB75B} = {9E155515-145B-4650-8AF6-E4AB9E94C890}
		{66CCA10D-CC6D-48EC-A7EB-7EC2D09361D1} = {54C22055-DDAC-4AB3-8F85-5EC97D17424E}
		{CFD8B443-22A0-441C-8602-BF46B01909AB} = {54C22055-DDAC-4AB3-8F85-5EC97D17424E}
		{ACE2527F-EC7A-40A4-BA7C-7E6E29AEC1A5} = {382D27BA-B50F-42AE-B536-61777007B642}
	EndGlobalSection
	GlobalSection(ExtensibilityGlobals) = postSolution
		SolutionGuid = {2DEF60DC-A257-44FF-9037-A31C9961AB03}
	EndGlobalSection
EndGlobal
